
Microsoft Visual Studio Solution File, Format Version 12.00
# Visual Studio Version 16
VisualStudioVersion = 16.0.30717.126
MinimumVisualStudioVersion = 10.0.40219.1
Project("{FAE04EC0-301F-11D3-BF4B-00C04F79EFBC}") = "CheckForDuplicates", "CheckForDuplicates\CheckForDuplicates.csproj", "{AC83AFB5-906F-45CD-A247-E8AD4113795A}"
EndProject
Global
	GlobalSection(SolutionConfigurationPlatforms) = preSolution
		Debug|Any CPU = Debug|Any CPU
		Release|Any CPU = Release|Any CPU
	EndGlobalSection
	GlobalSection(ProjectConfigurationPlatforms) = postSolution
		{AC83AFB5-906F-45CD-A247-E8AD4113795A}.Debug|Any CPU.ActiveCfg = Debug|Any CPU
		{AC83AFB5-906F-45CD-A247-E8AD4113795A}.Debug|Any CPU.Build.0 = Debug|Any CPU
		{AC83AFB5-906F-45CD-A247-E8AD4113795A}.Release|Any CPU.ActiveCfg = Release|Any CPU
		{AC83AFB5-906F-45CD-A247-E8AD4113795A}.Release|Any CPU.Build.0 = Release|Any CPU
	EndGlobalSection
	GlobalSection(SolutionProperties) = preSolution
		HideSolutionNode = FALSE
	EndGlobalSection
	GlobalSection(ExtensibilityGlobals) = postSolution
		SolutionGuid = {DA060CB3-ABF1-4D6D-A2C4-358D044A6B7E}
	EndGlobalSection
EndGlobal
